
Microsoft Visual Studio Solution File, Format Version 12.00
# Visual Studio Version 16
VisualStudioVersion = 16.0.31229.75
MinimumVisualStudioVersion = 10.0.40219.1
Project("{8BC9CEB8-8B4A-11D0-8D11-00A0C91BC942}") = "Baekjoon_Cpp", "Baekjoon_Cpp.vcxproj", "{A38716F5-C085-4B22-A828-23DF09453115}"
EndProject
Project("{8BC9CEB8-8B4A-11D0-8D11-00A0C91BC942}") = "1. 입출력과 사칙연산", "..\1. 입출력과 사칙연산\1. 입출력과 사칙연산.vcxproj", "{B872C127-4D1B-4E48-B3F1-AFC96995D635}"
EndProject
Global
	GlobalSection(SolutionConfigurationPlatforms) = preSolution
		Debug|x64 = Debug|x64
		Debug|x86 = Debug|x86
		Release|x64 = Release|x64
		Release|x86 = Release|x86
	EndGlobalSection
	GlobalSection(ProjectConfigurationPlatforms) = postSolution
		{A38716F5-C085-4B22-A828-23DF09453115}.Debug|x64.ActiveCfg = Debug|x64
		{A38716F5-C085-4B22-A828-23DF09453115}.Debug|x64.Build.0 = Debug|x64
		{A38716F5-C085-4B22-A828-23DF09453115}.Debug|x86.ActiveCfg = Debug|Win32
		{A38716F5-C085-4B22-A828-23DF09453115}.Debug|x86.Build.0 = Debug|Win32
		{A38716F5-C085-4B22-A828-23DF09453115}.Release|x64.ActiveCfg = Release|x64
		{A38716F5-C085-4B22-A828-23DF09453115}.Release|x64.Build.0 = Release|x64
		{A38716F5-C085-4B22-A828-23DF09453115}.Release|x86.ActiveCfg = Release|Win32
		{A38716F5-C085-4B22-A828-23DF09453115}.Release|x86.Build.0 = Release|Win32
		{B872C127-4D1B-4E48-B3F1-AFC96995D635}.Debug|x64.ActiveCfg = Debug|x64
		{B872C127-4D1B-4E48-B3F1-AFC96995D635}.Debug|x64.Build.0 = Debug|x64
		{B872C127-4D1B-4E48-B3F1-AFC96995D635}.Debug|x86.ActiveCfg = Debug|Win32
		{B872C127-4D1B-4E48-B3F1-AFC96995D635}.Debug|x86.Build.0 = Debug|Win32
		{B872C127-4D1B-4E48-B3F1-AFC96995D635}.Release|x64.ActiveCfg = Release|x64
		{B872C127-4D1B-4E48-B3F1-AFC96995D635}.Release|x64.Build.0 = Release|x64
		{B872C127-4D1B-4E48-B3F1-AFC96995D635}.Release|x86.ActiveCfg = Release|Win32
		{B872C127-4D1B-4E48-B3F1-AFC96995D635}.Release|x86.Build.0 = Release|Win32
	EndGlobalSection
	GlobalSection(SolutionProperties) = preSolution
		HideSolutionNode = FALSE
	EndGlobalSection
	GlobalSection(ExtensibilityGlobals) = postSolution
		SolutionGuid = {9C6B8570-8BC2-4D64-8316-3B62FD073703}
	EndGlobalSection
EndGlobal
